
Microsoft Visual Studio Solution File, Format Version 12.00
# Visual Studio Version 17
VisualStudioVersion = 17.2.32602.215
MinimumVisualStudioVersion = 10.0.40219.1
Project("{FAE04EC0-301F-11D3-BF4B-00C04F79EFBC}") = "WebService", "WebService\WebService.csproj", "{42B81411-FEE8-452B-BA21-5B54C346EBCC}"
EndProject
Global
	GlobalSection(SolutionConfigurationPlatforms) = preSolution
		Debug|Any CPU = Debug|Any CPU
		Release|Any CPU = Release|Any CPU
	EndGlobalSection
	GlobalSection(ProjectConfigurationPlatforms) = postSolution
		{42B81411-FEE8-452B-BA21-5B54C346EBCC}.Debug|Any CPU.ActiveCfg = Debug|Any CPU
		{42B81411-FEE8-452B-BA21-5B54C346EBCC}.Debug|Any CPU.Build.0 = Debug|Any CPU
		{42B81411-FEE8-452B-BA21-5B54C346EBCC}.Release|Any CPU.ActiveCfg = Release|Any CPU
		{42B81411-FEE8-452B-BA21-5B54C346EBCC}.Release|Any CPU.Build.0 = Release|Any CPU
	EndGlobalSection
	GlobalSection(SolutionProperties) = preSolution
		HideSolutionNode = FALSE
	EndGlobalSection
	GlobalSection(ExtensibilityGlobals) = postSolution
		SolutionGuid = {B708622B-ADE9-42B9-AE52-571115564D59}
	EndGlobalSection
EndGlobal
